
Microsoft Visual Studio Solution File, Format Version 12.00
# Visual Studio Version 16
VisualStudioVersion = 16.0.30204.135
MinimumVisualStudioVersion = 10.0.40219.1
Project("{FAE04EC0-301F-11D3-BF4B-00C04F79EFBC}") = "PromotionEngine", "PromotionEngine\PromotionEngine.csproj", "{AE074C13-ABDD-49C6-B05B-58C1CF131431}"
EndProject
Project("{FAE04EC0-301F-11D3-BF4B-00C04F79EFBC}") = "PromoCostCalculator", "PromoCostCalculator\PromoCostCalculator.csproj", "{77213F0E-55DD-40D5-860E-86FAD764938D}"
EndProject
Project("{FAE04EC0-301F-11D3-BF4B-00C04F79EFBC}") = "PromotionCalculatorTest", "PromotionCalculatorTest\PromotionCalculatorTest.csproj", "{7B74942D-9436-4737-B39D-F1B5D5AFC4A2}"
EndProject
Global
	GlobalSection(SolutionConfigurationPlatforms) = preSolution
		Debug|Any CPU = Debug|Any CPU
		Release|Any CPU = Release|Any CPU
	EndGlobalSection
	GlobalSection(ProjectConfigurationPlatforms) = postSolution
		{AE074C13-ABDD-49C6-B05B-58C1CF131431}.Debug|Any CPU.ActiveCfg = Debug|Any CPU
		{AE074C13-ABDD-49C6-B05B-58C1CF131431}.Debug|Any CPU.Build.0 = Debug|Any CPU
		{AE074C13-ABDD-49C6-B05B-58C1CF131431}.Release|Any CPU.ActiveCfg = Release|Any CPU
		{AE074C13-ABDD-49C6-B05B-58C1CF131431}.Release|Any CPU.Build.0 = Release|Any CPU
		{77213F0E-55DD-40D5-860E-86FAD764938D}.Debug|Any CPU.ActiveCfg = Debug|Any CPU
		{77213F0E-55DD-40D5-860E-86FAD764938D}.Debug|Any CPU.Build.0 = Debug|Any CPU
		{77213F0E-55DD-40D5-860E-86FAD764938D}.Release|Any CPU.ActiveCfg = Release|Any CPU
		{77213F0E-55DD-40D5-860E-86FAD764938D}.Release|Any CPU.Build.0 = Release|Any CPU
		{7B74942D-9436-4737-B39D-F1B5D5AFC4A2}.Debug|Any CPU.ActiveCfg = Debug|Any CPU
		{7B74942D-9436-4737-B39D-F1B5D5AFC4A2}.Debug|Any CPU.Build.0 = Debug|Any CPU
		{7B74942D-9436-4737-B39D-F1B5D5AFC4A2}.Release|Any CPU.ActiveCfg = Release|Any CPU
		{7B74942D-9436-4737-B39D-F1B5D5AFC4A2}.Release|Any CPU.Build.0 = Release|Any CPU
	EndGlobalSection
	GlobalSection(SolutionProperties) = preSolution
		HideSolutionNode = FALSE
	EndGlobalSection
	GlobalSection(ExtensibilityGlobals) = postSolution
		SolutionGuid = {36444BDC-7D33-42A0-8722-71FE35FC8DFF}
	EndGlobalSection
EndGlobal
